
Microsoft Visual Studio Solution File, Format Version 12.00
# Visual Studio Version 17
VisualStudioVersion = 17.2.32630.192
MinimumVisualStudioVersion = 10.0.40219.1
Project("{FAE04EC0-301F-11D3-BF4B-00C04F79EFBC}") = "Assembly-CSharp", "Assembly-CSharp.csproj", "{83AC6DC0-06A6-1131-5D63-5A9ACD5B071E}"
EndProject
Project("{FAE04EC0-301F-11D3-BF4B-00C04F79EFBC}") = "Assembly-CSharp-firstpass", "Assembly-CSharp-firstpass.csproj", "{B9EFF13D-4223-627C-238E-318032767985}"
EndProject
Project("{FAE04EC0-301F-11D3-BF4B-00C04F79EFBC}") = "Assembly-CSharp-Editor", "Assembly-CSharp-Editor.csproj", "{3879F8CB-64A0-DC24-F003-B707E7502E9D}"
EndProject
Global
	GlobalSection(SolutionConfigurationPlatforms) = preSolution
		Debug|Any CPU = Debug|Any CPU
		Release|Any CPU = Release|Any CPU
	EndGlobalSection
	GlobalSection(ProjectConfigurationPlatforms) = postSolution
		{83AC6DC0-06A6-1131-5D63-5A9ACD5B071E}.Debug|Any CPU.ActiveCfg = Debug|Any CPU
		{83AC6DC0-06A6-1131-5D63-5A9ACD5B071E}.Debug|Any CPU.Build.0 = Debug|Any CPU
		{83AC6DC0-06A6-1131-5D63-5A9ACD5B071E}.Release|Any CPU.ActiveCfg = Release|Any CPU
		{83AC6DC0-06A6-1131-5D63-5A9ACD5B071E}.Release|Any CPU.Build.0 = Release|Any CPU
		{B9EFF13D-4223-627C-238E-318032767985}.Debug|Any CPU.ActiveCfg = Debug|Any CPU
		{B9EFF13D-4223-627C-238E-318032767985}.Debug|Any CPU.Build.0 = Debug|Any CPU
		{B9EFF13D-4223-627C-238E-318032767985}.Release|Any CPU.ActiveCfg = Release|Any CPU
		{B9EFF13D-4223-627C-238E-318032767985}.Release|Any CPU.Build.0 = Release|Any CPU
		{3879F8CB-64A0-DC24-F003-B707E7502E9D}.Debug|Any CPU.ActiveCfg = Debug|Any CPU
		{3879F8CB-64A0-DC24-F003-B707E7502E9D}.Debug|Any CPU.Build.0 = Debug|Any CPU
		{3879F8CB-64A0-DC24-F003-B707E7502E9D}.Release|Any CPU.ActiveCfg = Release|Any CPU
		{3879F8CB-64A0-DC24-F003-B707E7502E9D}.Release|Any CPU.Build.0 = Release|Any CPU
	EndGlobalSection
	GlobalSection(SolutionProperties) = preSolution
		HideSolutionNode = FALSE
	EndGlobalSection
	GlobalSection(ExtensibilityGlobals) = postSolution
		SolutionGuid = {F2D15462-7572-49FE-9A9D-8C4172C34ADE}
	EndGlobalSection
EndGlobal
